
Microsoft Visual Studio Solution File, Format Version 12.00
# Visual Studio Version 16
VisualStudioVersion = 16.0.30621.155
MinimumVisualStudioVersion = 10.0.40219.1
Project("{FAE04EC0-301F-11D3-BF4B-00C04F79EFBC}") = "CRUD-MVC", "CRUD-MVC\CRUD-MVC.csproj", "{6D44074A-3CF6-432D-B273-CAF5CE25C909}"
EndProject
Project("{2150E333-8FDC-42A3-9474-1A3956D46DE8}") = "Solution", "Solution", "{3050F782-90CC-42AA-AE8F-5BC17C8E8403}"
	ProjectSection(SolutionItems) = preProject
		readme.md = readme.md
	EndProjectSection
EndProject
Project("{FAE04EC0-301F-11D3-BF4B-00C04F79EFBC}") = "CRUD.Data", "CRUD.DATA\CRUD.Data.csproj", "{4D416027-B6C5-4777-B97C-AC46B93E2664}"
EndProject
Project("{FAE04EC0-301F-11D3-BF4B-00C04F79EFBC}") = "CRUD.Controller", "CRUDMVC.Controller\CRUD.Controller.csproj", "{1EB3E60E-7666-40DD-B2C3-DD4BF3E406A0}"
EndProject
Global
	GlobalSection(SolutionConfigurationPlatforms) = preSolution
		Debug|Any CPU = Debug|Any CPU
		Release|Any CPU = Release|Any CPU
	EndGlobalSection
	GlobalSection(ProjectConfigurationPlatforms) = postSolution
		{6D44074A-3CF6-432D-B273-CAF5CE25C909}.Debug|Any CPU.ActiveCfg = Debug|Any CPU
		{6D44074A-3CF6-432D-B273-CAF5CE25C909}.Debug|Any CPU.Build.0 = Debug|Any CPU
		{6D44074A-3CF6-432D-B273-CAF5CE25C909}.Release|Any CPU.ActiveCfg = Release|Any CPU
		{6D44074A-3CF6-432D-B273-CAF5CE25C909}.Release|Any CPU.Build.0 = Release|Any CPU
		{4D416027-B6C5-4777-B97C-AC46B93E2664}.Debug|Any CPU.ActiveCfg = Debug|Any CPU
		{4D416027-B6C5-4777-B97C-AC46B93E2664}.Debug|Any CPU.Build.0 = Debug|Any CPU
		{4D416027-B6C5-4777-B97C-AC46B93E2664}.Release|Any CPU.ActiveCfg = Release|Any CPU
		{4D416027-B6C5-4777-B97C-AC46B93E2664}.Release|Any CPU.Build.0 = Release|Any CPU
		{1EB3E60E-7666-40DD-B2C3-DD4BF3E406A0}.Debug|Any CPU.ActiveCfg = Debug|Any CPU
		{1EB3E60E-7666-40DD-B2C3-DD4BF3E406A0}.Debug|Any CPU.Build.0 = Debug|Any CPU
		{1EB3E60E-7666-40DD-B2C3-DD4BF3E406A0}.Release|Any CPU.ActiveCfg = Release|Any CPU
		{1EB3E60E-7666-40DD-B2C3-DD4BF3E406A0}.Release|Any CPU.Build.0 = Release|Any CPU
	EndGlobalSection
	GlobalSection(SolutionProperties) = preSolution
		HideSolutionNode = FALSE
	EndGlobalSection
	GlobalSection(ExtensibilityGlobals) = postSolution
		SolutionGuid = {09BA7862-32E7-46CE-B507-0365A97FD55B}
	EndGlobalSection
EndGlobal
